
Microsoft Visual Studio Solution File, Format Version 12.00
# Visual Studio Version 17
VisualStudioVersion = 17.3.32819.101
MinimumVisualStudioVersion = 10.0.40219.1
Project("{FAE04EC0-301F-11D3-BF4B-00C04F79EFBC}") = "singletonExample", "singletonExample\singletonExample.csproj", "{1CDBB75B-D9A2-4D66-BED9-58C2B055DE33}"
EndProject
Global
	GlobalSection(SolutionConfigurationPlatforms) = preSolution
		Debug|Any CPU = Debug|Any CPU
		Release|Any CPU = Release|Any CPU
	EndGlobalSection
	GlobalSection(ProjectConfigurationPlatforms) = postSolution
		{1CDBB75B-D9A2-4D66-BED9-58C2B055DE33}.Debug|Any CPU.ActiveCfg = Debug|Any CPU
		{1CDBB75B-D9A2-4D66-BED9-58C2B055DE33}.Debug|Any CPU.Build.0 = Debug|Any CPU
		{1CDBB75B-D9A2-4D66-BED9-58C2B055DE33}.Release|Any CPU.ActiveCfg = Release|Any CPU
		{1CDBB75B-D9A2-4D66-BED9-58C2B055DE33}.Release|Any CPU.Build.0 = Release|Any CPU
	EndGlobalSection
	GlobalSection(SolutionProperties) = preSolution
		HideSolutionNode = FALSE
	EndGlobalSection
	GlobalSection(ExtensibilityGlobals) = postSolution
		SolutionGuid = {99BE256D-E5EC-4F86-9846-4F8EF5FC9BFF}
	EndGlobalSection
EndGlobal
